
Microsoft Visual Studio Solution File, Format Version 12.00
# Visual Studio Version 17
VisualStudioVersion = 17.3.32922.545
MinimumVisualStudioVersion = 10.0.40219.1
Project("{FAE04EC0-301F-11D3-BF4B-00C04F79EFBC}") = "BelajarFileStream", "BelajarFileStream\BelajarFileStream.csproj", "{70E8C8C2-66EF-44EE-B122-9B4825C25998}"
EndProject
Global
	GlobalSection(SolutionConfigurationPlatforms) = preSolution
		Debug|Any CPU = Debug|Any CPU
		Release|Any CPU = Release|Any CPU
	EndGlobalSection
	GlobalSection(ProjectConfigurationPlatforms) = postSolution
		{70E8C8C2-66EF-44EE-B122-9B4825C25998}.Debug|Any CPU.ActiveCfg = Debug|Any CPU
		{70E8C8C2-66EF-44EE-B122-9B4825C25998}.Debug|Any CPU.Build.0 = Debug|Any CPU
		{70E8C8C2-66EF-44EE-B122-9B4825C25998}.Release|Any CPU.ActiveCfg = Release|Any CPU
		{70E8C8C2-66EF-44EE-B122-9B4825C25998}.Release|Any CPU.Build.0 = Release|Any CPU
	EndGlobalSection
	GlobalSection(SolutionProperties) = preSolution
		HideSolutionNode = FALSE
	EndGlobalSection
	GlobalSection(ExtensibilityGlobals) = postSolution
		SolutionGuid = {39EC30C0-ED99-434A-B321-9F1361467464}
	EndGlobalSection
EndGlobal
